// !$*UTF8*$!
{
	archiveVersion = 1;
	classes = {
	};
	objectVersion = 50;
	objects = {

/* Begin PBXBuildFile section */
		D709F3D524F40AAE00D02416 /* Metronome.swift in Sources */ = {isa = PBXBuildFile; fileRef = D709F3D424F40AAE00D02416 /* Metronome.swift */; };
		D7A51D9C24FD3DE100B4725E /* SpeedPianoPracticeTests.swift in Sources */ = {isa = PBXBuildFile; fileRef = D7A51D9B24FD3DE100B4725E /* SpeedPianoPracticeTests.swift */; };
		D7A51DA42501261B00B4725E /* Util.swift in Sources */ = {isa = PBXBuildFile; fileRef = D7A51DA32501261B00B4725E /* Util.swift */; };
		D7DC018224DF85540000DA39 /* AppDelegate.swift in Sources */ = {isa = PBXBuildFile; fileRef = D7DC018124DF85540000DA39 /* AppDelegate.swift */; };
		D7DC018424DF85540000DA39 /* SceneDelegate.swift in Sources */ = {isa = PBXBuildFile; fileRef = D7DC018324DF85540000DA39 /* SceneDelegate.swift */; };
		D7DC018724DF85540000DA39 /* SpeedPianoPractice.xcdatamodeld in Sources */ = {isa = PBXBuildFile; fileRef = D7DC018524DF85540000DA39 /* SpeedPianoPractice.xcdatamodeld */; };
		D7DC018924DF85540000DA39 /* ContentView.swift in Sources */ = {isa = PBXBuildFile; fileRef = D7DC018824DF85540000DA39 /* ContentView.swift */; };
		D7DC018B24DF85610000DA39 /* Assets.xcassets in Resources */ = {isa = PBXBuildFile; fileRef = D7DC018A24DF85610000DA39 /* Assets.xcassets */; };
		D7DC018E24DF85610000DA39 /* Preview Assets.xcassets in Resources */ = {isa = PBXBuildFile; fileRef = D7DC018D24DF85610000DA39 /* Preview Assets.xcassets */; };
		D7DC019124DF85610000DA39 /* LaunchScreen.storyboard in Resources */ = {isa = PBXBuildFile; fileRef = D7DC018F24DF85610000DA39 /* LaunchScreen.storyboard */; };
/* End PBXBuildFile section */

/* Begin PBXContainerItemProxy section */
		D7A51D9E24FD3DE100B4725E /* PBXContainerItemProxy */ = {
			isa = PBXContainerItemProxy;
			containerPortal = D7DC017624DF85540000DA39 /* Project object */;
			proxyType = 1;
			remoteGlobalIDString = D7DC017D24DF85540000DA39;
			remoteInfo = SpeedPianoPractice;
		};
/* End PBXContainerItemProxy section */

/* Begin PBXFileReference section */
		D709F3D424F40AAE00D02416 /* Metronome.swift */ = {isa = PBXFileReference; lastKnownFileType = sourcecode.swift; path = Metronome.swift; sourceTree = "<group>"; };
		D7A51D9924FD3DE100B4725E /* SpeedPianoPracticeTests.xctest */ = {isa = PBXFileReference; explicitFileType = wrapper.cfbundle; includeInIndex = 0; path = SpeedPianoPracticeTests.xctest; sourceTree = BUILT_PRODUCTS_DIR; };
		D7A51D9B24FD3DE100B4725E /* SpeedPianoPracticeTests.swift */ = {isa = PBXFileReference; lastKnownFileType = sourcecode.swift; path = SpeedPianoPracticeTests.swift; sourceTree = "<group>"; };
		D7A51D9D24FD3DE100B4725E /* Info.plist */ = {isa = PBXFileReference; lastKnownFileType = text.plist.xml; path = Info.plist; sourceTree = "<group>"; };
		D7A51DA32501261B00B4725E /* Util.swift */ = {isa = PBXFileReference; lastKnownFileType = sourcecode.swift; path = Util.swift; sourceTree = "<group>"; };
		D7DC017E24DF85540000DA39 /* SpeedPianoPractice.app */ = {isa = PBXFileReference; explicitFileType = wrapper.application; includeInIndex = 0; path = SpeedPianoPractice.app; sourceTree = BUILT_PRODUCTS_DIR; };
		D7DC018124DF85540000DA39 /* AppDelegate.swift */ = {isa = PBXFileReference; lastKnownFileType = sourcecode.swift; path = AppDelegate.swift; sourceTree = "<group>"; };
		D7DC018324DF85540000DA39 /* SceneDelegate.swift */ = {isa = PBXFileReference; lastKnownFileType = sourcecode.swift; path = SceneDelegate.swift; sourceTree = "<group>"; };
		D7DC018624DF85540000DA39 /* SpeedPianoPractice.xcdatamodel */ = {isa = PBXFileReference; lastKnownFileType = wrapper.xcdatamodel; path = SpeedPianoPractice.xcdatamodel; sourceTree = "<group>"; };
		D7DC018824DF85540000DA39 /* ContentView.swift */ = {isa = PBXFileReference; lastKnownFileType = sourcecode.swift; path = ContentView.swift; sourceTree = "<group>"; };
		D7DC018A24DF85610000DA39 /* Assets.xcassets */ = {isa = PBXFileReference; lastKnownFileType = folder.assetcatalog; path = Assets.xcassets; sourceTree = "<group>"; };
		D7DC018D24DF85610000DA39 /* Preview Assets.xcassets */ = {isa = PBXFileReference; lastKnownFileType = folder.assetcatalog; path = "Preview Assets.xcassets"; sourceTree = "<group>"; };
		D7DC019024DF85610000DA39 /* Base */ = {isa = PBXFileReference; lastKnownFileType = file.storyboard; name = Base; path = Base.lproj/LaunchScreen.storyboard; sourceTree = "<group>"; };
		D7DC019224DF85610000DA39 /* Info.plist */ = {isa = PBXFileReference; lastKnownFileType = text.plist.xml; path = Info.plist; sourceTree = "<group>"; };
/* End PBXFileReference section */

/* Begin PBXFrameworksBuildPhase section */
		D7A51D9624FD3DE100B4725E /* Frameworks */ = {
			isa = PBXFrameworksBuildPhase;
			buildActionMask = 2147483647;
			files = (
			);
			runOnlyForDeploymentPostprocessing = 0;
		};
		D7DC017B24DF85540000DA39 /* Frameworks */ = {
			isa = PBXFrameworksBuildPhase;
			buildActionMask = 2147483647;
			files = (
			);
			runOnlyForDeploymentPostprocessing = 0;
		};
/* End PBXFrameworksBuildPhase section */

/* Begin PBXGroup section */
		D7A51D9A24FD3DE100B4725E /* SpeedPianoPracticeTests */ = {
			isa = PBXGroup;
			children = (
				D7A51D9B24FD3DE100B4725E /* SpeedPianoPracticeTests.swift */,
				D7A51D9D24FD3DE100B4725E /* Info.plist */,
			);
			path = SpeedPianoPracticeTests;
			sourceTree = "<group>";
		};
		D7DC017524DF85540000DA39 = {
			isa = PBXGroup;
			children = (
				D7DC018024DF85540000DA39 /* SpeedPianoPractice */,
				D7A51D9A24FD3DE100B4725E /* SpeedPianoPracticeTests */,
				D7DC017F24DF85540000DA39 /* Products */,
			);
			sourceTree = "<group>";
		};
		D7DC017F24DF85540000DA39 /* Products */ = {
			isa = PBXGroup;
			children = (
				D7DC017E24DF85540000DA39 /* SpeedPianoPractice.app */,
				D7A51D9924FD3DE100B4725E /* SpeedPianoPracticeTests.xctest */,
			);
			name = Products;
			sourceTree = "<group>";
		};
		D7DC018024DF85540000DA39 /* SpeedPianoPractice */ = {
			isa = PBXGroup;
			children = (
				D7DC018124DF85540000DA39 /* AppDelegate.swift */,
				D7DC018324DF85540000DA39 /* SceneDelegate.swift */,
				D7DC018824DF85540000DA39 /* ContentView.swift */,
				D7A51DA32501261B00B4725E /* Util.swift */,
				D709F3D424F40AAE00D02416 /* Metronome.swift */,
				D7DC018A24DF85610000DA39 /* Assets.xcassets */,
				D7DC018F24DF85610000DA39 /* LaunchScreen.storyboard */,
				D7DC019224DF85610000DA39 /* Info.plist */,
				D7DC018524DF85540000DA39 /* SpeedPianoPractice.xcdatamodeld */,
				D7DC018C24DF85610000DA39 /* Preview Content */,
			);
			path = SpeedPianoPractice;
			sourceTree = "<group>";
		};
		D7DC018C24DF85610000DA39 /* Preview Content */ = {
			isa = PBXGroup;
			children = (
				D7DC018D24DF85610000DA39 /* Preview Assets.xcassets */,
			);
			path = "Preview Content";
			sourceTree = "<group>";
		};
/* End PBXGroup section */

/* Begin PBXNativeTarget section */
		D7A51D9824FD3DE100B4725E /* SpeedPianoPracticeTests */ = {
			isa = PBXNativeTarget;
			buildConfigurationList = D7A51DA024FD3DE100B4725E /* Build configuration list for PBXNativeTarget "SpeedPianoPracticeTests" */;
			buildPhases = (
				D7A51D9524FD3DE100B4725E /* Sources */,
				D7A51D9624FD3DE100B4725E /* Frameworks */,
				D7A51D9724FD3DE100B4725E /* Resources */,
			);
			buildRules = (
			);
			dependencies = (
				D7A51D9F24FD3DE100B4725E /* PBXTargetDependency */,
			);
			name = SpeedPianoPracticeTests;
			productName = SpeedPianoPracticeTests;
			productReference = D7A51D9924FD3DE100B4725E /* SpeedPianoPracticeTests.xctest */;
			productType = "com.apple.product-type.bundle.unit-test";
		};
		D7DC017D24DF85540000DA39 /* SpeedPianoPractice */ = {
			isa = PBXNativeTarget;
			buildConfigurationList = D7DC019524DF85610000DA39 /* Build configuration list for PBXNativeTarget "SpeedPianoPractice" */;
			buildPhases = (
				D7DC017A24DF85540000DA39 /* Sources */,
				D7DC017B24DF85540000DA39 /* Frameworks */,
				D7DC017C24DF85540000DA39 /* Resources */,
			);
			buildRules = (
			);
			dependencies = (
			);
			name = SpeedPianoPractice;
			productName = SpeedPianoPractice;
			productReference = D7DC017E24DF85540000DA39 /* SpeedPianoPractice.app */;
			productType = "com.apple.product-type.application";
		};
/* End PBXNativeTarget section */

/* Begin PBXProject section */
		D7DC017624DF85540000DA39 /* Project object */ = {
			isa = PBXProject;
			attributes = {
				LastSwiftUpdateCheck = 1160;
				LastUpgradeCheck = 1160;
				ORGANIZATIONNAME = "Jonathan Gurr";
				TargetAttributes = {
					D7A51D9824FD3DE100B4725E = {
						CreatedOnToolsVersion = 11.6;
						TestTargetID = D7DC017D24DF85540000DA39;
					};
					D7DC017D24DF85540000DA39 = {
						CreatedOnToolsVersion = 11.6;
					};
				};
			};
			buildConfigurationList = D7DC017924DF85540000DA39 /* Build configuration list for PBXProject "SpeedPianoPractice" */;
			compatibilityVersion = "Xcode 9.3";
			developmentRegion = en;
			hasScannedForEncodings = 0;
			knownRegions = (
				en,
				Base,
			);
			mainGroup = D7DC017524DF85540000DA39;
			productRefGroup = D7DC017F24DF85540000DA39 /* Products */;
			projectDirPath = "";
			projectRoot = "";
			targets = (
				D7DC017D24DF85540000DA39 /* SpeedPianoPractice */,
				D7A51D9824FD3DE100B4725E /* SpeedPianoPracticeTests */,
			);
		};
/* End PBXProject section */

/* Begin PBXResourcesBuildPhase section */
		D7A51D9724FD3DE100B4725E /* Resources */ = {
			isa = PBXResourcesBuildPhase;
			buildActionMask = 2147483647;
			files = (
			);
			runOnlyForDeploymentPostprocessing = 0;
		};
		D7DC017C24DF85540000DA39 /* Resources */ = {
			isa = PBXResourcesBuildPhase;
			buildActionMask = 2147483647;
			files = (
				D7DC019124DF85610000DA39 /* LaunchScreen.storyboard in Resources */,
				D7DC018E24DF85610000DA39 /* Preview Assets.xcassets in Resources */,
				D7DC018B24DF85610000DA39 /* Assets.xcassets in Resources */,
			);
			runOnlyForDeploymentPostprocessing = 0;
		};
/* End PBXResourcesBuildPhase section */

/* Begin PBXSourcesBuildPhase section */
		D7A51D9524FD3DE100B4725E /* Sources */ = {
			isa = PBXSourcesBuildPhase;
			buildActionMask = 2147483647;
			files = (
				D7A51D9C24FD3DE100B4725E /* SpeedPianoPracticeTests.swift in Sources */,
			);
			runOnlyForDeploymentPostprocessing = 0;
		};
		D7DC017A24DF85540000DA39 /* Sources */ = {
			isa = PBXSourcesBuildPhase;
			buildActionMask = 2147483647;
			files = (
				D709F3D524F40AAE00D02416 /* Metronome.swift in Sources */,
				D7A51DA42501261B00B4725E /* Util.swift in Sources */,
				D7DC018724DF85540000DA39 /* SpeedPianoPractice.xcdatamodeld in Sources */,
				D7DC018224DF85540000DA39 /* AppDelegate.swift in Sources */,
				D7DC018924DF85540000DA39 /* ContentView.swift in Sources */,
				D7DC018424DF85540000DA39 /* SceneDelegate.swift in Sources */,
			);
			runOnlyForDeploymentPostprocessing = 0;
		};
/* End PBXSourcesBuildPhase section */

/* Begin PBXTargetDependency section */
		D7A51D9F24FD3DE100B4725E /* PBXTargetDependency */ = {
			isa = PBXTargetDependency;
			target = D7DC017D24DF85540000DA39 /* SpeedPianoPractice */;
			targetProxy = D7A51D9E24FD3DE100B4725E /* PBXContainerItemProxy */;
		};
/* End PBXTargetDependency section */

/* Begin PBXVariantGroup section */
		D7DC018F24DF85610000DA39 /* LaunchScreen.storyboard */ = {
			isa = PBXVariantGroup;
			children = (
				D7DC019024DF85610000DA39 /* Base */,
			);
			name = LaunchScreen.storyboard;
			sourceTree = "<group>";
		};
/* End PBXVariantGroup section */

/* Begin XCBuildConfiguration section */
		D7A51DA124FD3DE100B4725E /* Debug */ = {
			isa = XCBuildConfiguration;
			buildSettings = {
				BUNDLE_LOADER = "$(TEST_HOST)";
				CODE_SIGN_STYLE = Automatic;
				DEVELOPMENT_TEAM = QAH6B934V7;
				INFOPLIST_FILE = SpeedPianoPracticeTests/Info.plist;
				IPHONEOS_DEPLOYMENT_TARGET = 13.6;
				LD_RUNPATH_SEARCH_PATHS = (
					"$(inherited)",
					"@executable_path/Frameworks",
					"@loader_path/Frameworks",
				);
				PRODUCT_BUNDLE_IDENTIFIER = com.jonathangurr.SpeedPianoPracticeTests;
				PRODUCT_NAME = "$(TARGET_NAME)";
				SWIFT_VERSION = 5.0;
				TARGETED_DEVICE_FAMILY = "1,2";
				TEST_HOST = "$(BUILT_PRODUCTS_DIR)/SpeedPianoPractice.app/SpeedPianoPractice";
			};
			name = Debug;
		};
		D7A51DA224FD3DE100B4725E /* Release */ = {
			isa = XCBuildConfiguration;
			buildSettings = {
				BUNDLE_LOADER = "$(TEST_HOST)";
				CODE_SIGN_STYLE = Automatic;
				DEVELOPMENT_TEAM = QAH6B934V7;
				INFOPLIST_FILE = SpeedPianoPracticeTests/Info.plist;
				IPHONEOS_DEPLOYMENT_TARGET = 13.6;
				LD_RUNPATH_SEARCH_PATHS = (
					"$(inherited)",
					"@executable_path/Frameworks",
					"@loader_path/Frameworks",
				);
				PRODUCT_BUNDLE_IDENTIFIER = com.jonathangurr.SpeedPianoPracticeTests;
				PRODUCT_NAME = "$(TARGET_NAME)";
				SWIFT_VERSION = 5.0;
				TARGETED_DEVICE_FAMILY = "1,2";
				TEST_HOST = "$(BUILT_PRODUCTS_DIR)/SpeedPianoPractice.app/SpeedPianoPractice";
			};
			name = Release;
		};
		D7DC019324DF85610000DA39 /* Debug */ = {
			isa = XCBuildConfiguration;
			buildSettings = {
				ALWAYS_SEARCH_USER_PATHS = NO;
				CLANG_ANALYZER_NONNULL = YES;
				CLANG_ANALYZER_NUMBER_OBJECT_CONVERSION = YES_AGGRESSIVE;
				CLANG_CXX_LANGUAGE_STANDARD = "gnu++14";
				CLANG_CXX_LIBRARY = "libc++";
				CLANG_ENABLE_MODULES = YES;
				CLANG_ENABLE_OBJC_ARC = YES;
				CLANG_ENABLE_OBJC_WEAK = YES;
				CLANG_WARN_BLOCK_CAPTURE_AUTORELEASING = YES;
				CLANG_WARN_BOOL_CONVERSION = YES;
				CLANG_WARN_COMMA = YES;
				CLANG_WARN_CONSTANT_CONVERSION = YES;
				CLANG_WARN_DEPRECATED_OBJC_IMPLEMENTATIONS = YES;
				CLANG_WARN_DIRECT_OBJC_ISA_USAGE = YES_ERROR;
				CLANG_WARN_DOCUMENTATION_COMMENTS = YES;
				CLANG_WARN_EMPTY_BODY = YES;
				CLANG_WARN_ENUM_CONVERSION = YES;
				CLANG_WARN_INFINITE_RECURSION = YES;
				CLANG_WARN_INT_CONVERSION = YES;
				CLANG_WARN_NON_LITERAL_NULL_CONVERSION = YES;
				CLANG_WARN_OBJC_IMPLICIT_RETAIN_SELF = YES;
				CLANG_WARN_OBJC_LITERAL_CONVERSION = YES;
				CLANG_WARN_OBJC_ROOT_CLASS = YES_ERROR;
				CLANG_WARN_RANGE_LOOP_ANALYSIS = YES;
				CLANG_WARN_STRICT_PROTOTYPES = YES;
				CLANG_WARN_SUSPICIOUS_MOVE = YES;
				CLANG_WARN_UNGUARDED_AVAILABILITY = YES_AGGRESSIVE;
				CLANG_WARN_UNREACHABLE_CODE = YES;
				CLANG_WARN__DUPLICATE_METHOD_MATCH = YES;
				COPY_PHASE_STRIP = NO;
				DEBUG_INFORMATION_FORMAT = dwarf;
				ENABLE_STRICT_OBJC_MSGSEND = YES;
				ENABLE_TESTABILITY = YES;
				GCC_C_LANGUAGE_STANDARD = gnu11;
				GCC_DYNAMIC_NO_PIC = NO;
				GCC_NO_COMMON_BLOCKS = YES;
				GCC_OPTIMIZATION_LEVEL = 0;
				GCC_PREPROCESSOR_DEFINITIONS = (
					"DEBUG=1",
					"$(inherited)",
				);
				GCC_WARN_64_TO_32_BIT_CONVERSION = YES;
				GCC_WARN_ABOUT_RETURN_TYPE = YES_ERROR;
				GCC_WARN_UNDECLARED_SELECTOR = YES;
				GCC_WARN_UNINITIALIZED_AUTOS = YES_AGGRESSIVE;
				GCC_WARN_UNUSED_FUNCTION = YES;
				GCC_WARN_UNUSED_VARIABLE = YES;
				IPHONEOS_DEPLOYMENT_TARGET = 13.0;
				MTL_ENABLE_DEBUG_INFO = INCLUDE_SOURCE;
				MTL_FAST_MATH = YES;
				ONLY_ACTIVE_ARCH = YES;
				SDKROOT = iphoneos;
				SWIFT_ACTIVE_COMPILATION_CONDITIONS = DEBUG;
				SWIFT_OPTIMIZATION_LEVEL = "-Onone";
			};
			name = Debug;
		};
		D7DC019424DF85610000DA39 /* Release */ = {
			isa = XCBuildConfiguration;
			buildSettings = {
				ALWAYS_SEARCH_USER_PATHS = NO;
				CLANG_ANALYZER_NONNULL = YES;
				CLANG_ANALYZER_NUMBER_OBJECT_CONVERSION = YES_AGGRESSIVE;
				CLANG_CXX_LANGUAGE_STANDARD = "gnu++14";
				CLANG_CXX_LIBRARY = "libc++";
				CLANG_ENABLE_MODULES = YES;
				CLANG_ENABLE_OBJC_ARC = YES;
				CLANG_ENABLE_OBJC_WEAK = YES;
				CLANG_WARN_BLOCK_CAPTURE_AUTORELEASING = YES;
				CLANG_WARN_BOOL_CONVERSION = YES;
				CLANG_WARN_COMMA = YES;
				CLANG_WARN_CONSTANT_CONVERSION = YES;
				CLANG_WARN_DEPRECATED_OBJC_IMPLEMENTATIONS = YES;
				CLANG_WARN_DIRECT_OBJC_ISA_USAGE = YES_ERROR;
				CLANG_WARN_DOCUMENTATION_COMMENTS = YES;
				CLANG_WARN_EMPTY_BODY = YES;
				CLANG_WARN_ENUM_CONVERSION = YES;
				CLANG_WARN_INFINITE_RECURSION = YES;
				CLANG_WARN_INT_CONVERSION = YES;
				CLANG_WARN_NON_LITERAL_NULL_CONVERSION = YES;
				CLANG_WARN_OBJC_IMPLICIT_RETAIN_SELF = YES;
				CLANG_WARN_OBJC_LITERAL_CONVERSION = YES;
				CLANG_WARN_OBJC_ROOT_CLASS = YES_ERROR;
				CLANG_WARN_RANGE_LOOP_ANALYSIS = YES;
				CLANG_WARN_STRICT_PROTOTYPES = YES;
				CLANG_WARN_SUSPICIOUS_MOVE = YES;
				CLANG_WARN_UNGUARDED_AVAILABILITY = YES_AGGRESSIVE;
				CLANG_WARN_UNREACHABLE_CODE = YES;
				CLANG_WARN__DUPLICATE_METHOD_MATCH = YES;
				COPY_PHASE_STRIP = NO;
				DEBUG_INFORMATION_FORMAT = "dwarf-with-dsym";
				ENABLE_NS_ASSERTIONS = NO;
				ENABLE_STRICT_OBJC_MSGSEND = YES;
				GCC_C_LANGUAGE_STANDARD = gnu11;
				GCC_NO_COMMON_BLOCKS = YES;
				GCC_WARN_64_TO_32_BIT_CONVERSION = YES;
				GCC_WARN_ABOUT_RETURN_TYPE = YES_ERROR;
				GCC_WARN_UNDECLARED_SELECTOR = YES;
				GCC_WARN_UNINITIALIZED_AUTOS = YES_AGGRESSIVE;
				GCC_WARN_UNUSED_FUNCTION = YES;
				GCC_WARN_UNUSED_VARIABLE = YES;
				IPHONEOS_DEPLOYMENT_TARGET = 13.0;
				MTL_ENABLE_DEBUG_INFO = NO;
				MTL_FAST_MATH = YES;
				SDKROOT = iphoneos;
				SWIFT_COMPILATION_MODE = wholemodule;
				SWIFT_OPTIMIZATION_LEVEL = "-O";
				VALIDATE_PRODUCT = YES;
			};
			name = Release;
		};
		D7DC019624DF85610000DA39 /* Debug */ = {
			isa = XCBuildConfiguration;
			buildSettings = {
				ASSETCATALOG_COMPILER_APPICON_NAME = AppIcon;
				CODE_SIGN_STYLE = Automatic;
				DEVELOPMENT_ASSET_PATHS = "\"SpeedPianoPractice/Preview Content\"";
				DEVELOPMENT_TEAM = QAH6B934V7;
				ENABLE_PREVIEWS = YES;
				INFOPLIST_FILE = SpeedPianoPractice/Info.plist;
				IPHONEOS_DEPLOYMENT_TARGET = 13.0;
				LD_RUNPATH_SEARCH_PATHS = (
					"$(inherited)",
					"@executable_path/Frameworks",
				);
				PRODUCT_BUNDLE_IDENTIFIER = com.jonathangurr.SpeedPianoPractice;
				PRODUCT_NAME = "$(TARGET_NAME)";
				SWIFT_VERSION = 5.0;
				TARGETED_DEVICE_FAMILY = "1,2";
			};
			name = Debug;
		};
		D7DC019724DF85610000DA39 /* Release */ = {
			isa = XCBuildConfiguration;
			buildSettings = {
				ASSETCATALOG_COMPILER_APPICON_NAME = AppIcon;
				CODE_SIGN_STYLE = Automatic;
				DEVELOPMENT_ASSET_PATHS = "\"SpeedPianoPractice/Preview Content\"";
				DEVELOPMENT_TEAM = QAH6B934V7;
				ENABLE_PREVIEWS = YES;
				INFOPLIST_FILE = SpeedPianoPractice/Info.plist;
				IPHONEOS_DEPLOYMENT_TARGET = 13.0;
				LD_RUNPATH_SEARCH_PATHS = (
					"$(inherited)",
					"@executable_path/Frameworks",
				);
				PRODUCT_BUNDLE_IDENTIFIER = com.jonathangurr.SpeedPianoPractice;
				PRODUCT_NAME = "$(TARGET_NAME)";
				SWIFT_VERSION = 5.0;
				TARGETED_DEVICE_FAMILY = "1,2";
			};
			name = Release;
		};
/* End XCBuildConfiguration section */

/* Begin XCConfigurationList section */
		D7A51DA024FD3DE100B4725E /* Build configuration list for PBXNativeTarget "SpeedPianoPracticeTests" */ = {
			isa = XCConfigurationList;
			buildConfigurations = (
				D7A51DA124FD3DE100B4725E /* Debug */,
				D7A51DA224FD3DE100B4725E /* Release */,
			);
			defaultConfigurationIsVisible = 0;
			defaultConfigurationName = Release;
		};
		D7DC017924DF85540000DA39 /* Build configuration list for PBXProject "SpeedPianoPractice" */ = {
			isa = XCConfigurationList;
			buildConfigurations = (
				D7DC019324DF85610000DA39 /* Debug */,
				D7DC019424DF85610000DA39 /* Release */,
			);
			defaultConfigurationIsVisible = 0;
			defaultConfigurationName = Release;
		};
		D7DC019524DF85610000DA39 /* Build configuration list for PBXNativeTarget "SpeedPianoPractice" */ = {
			isa = XCConfigurationList;
			buildConfigurations = (
				D7DC019624DF85610000DA39 /* Debug */,
				D7DC019724DF85610000DA39 /* Release */,
			);
			defaultConfigurationIsVisible = 0;
			defaultConfigurationName = Release;
		};
/* End XCConfigurationList section */

/* Begin XCVersionGroup section */
		D7DC018524DF85540000DA39 /* SpeedPianoPractice.xcdatamodeld */ = {
			isa = XCVersionGroup;
			children = (
				D7DC018624DF85540000DA39 /* SpeedPianoPractice.xcdatamodel */,
			);
			currentVersion = D7DC018624DF85540000DA39 /* SpeedPianoPractice.xcdatamodel */;
			path = SpeedPianoPractice.xcdatamodeld;
			sourceTree = "<group>";
			versionGroupType = wrapper.xcdatamodel;
		};
/* End XCVersionGroup section */
	};
	rootObject = D7DC017624DF85540000DA39 /* Project object */;
}
